{
  "name": "array-immutable",
  "version": "1.1.5",
  "lockfileVersion": 1,
  "requires": true,
  "dependencies": {
    "deep-copy-all": {
      "version": "1.1.6",
      "resolved": "https://registry.npmjs.org/deep-copy-all/-/deep-copy-all-1.1.6.tgz",
      "integrity": "sha512-Iu4L/sLg1oHOPdfOi4KTZHH/51e2aRx793JoAbr6uOL28nug1rBmt7EUgN0ImXs8bWk9xXuNezGtXxJTB6lFNQ=="
    }
  }
}
